
Microsoft Visual Studio Solution File, Format Version 12.00
# Visual Studio Version 17
VisualStudioVersion = 17.2.32519.379
MinimumVisualStudioVersion = 10.0.40219.1
Project("{9A19103F-16F7-4668-BE54-9A1E7A4F7556}") = "XinjingdailyBot.WebAPI", "XinjingdailyBot.WebAPI\XinjingdailyBot.WebAPI.csproj", "{8A18A5B3-C97B-474B-A8E8-2C6CBD21BE49}"
	ProjectSection(ProjectDependencies) = postProject
		{5C52EE96-9EE9-4AFA-8E3B-F4187C195B83} = {5C52EE96-9EE9-4AFA-8E3B-F4187C195B83}
		{617EC3CE-8307-41BC-A4A5-D437CCA261AB} = {617EC3CE-8307-41BC-A4A5-D437CCA261AB}
		{65A4BD13-C84A-4AD7-9F5F-9F869FCAE034} = {65A4BD13-C84A-4AD7-9F5F-9F869FCAE034}
		{A2F7CC83-7936-436A-9511-BAE2F975F79C} = {A2F7CC83-7936-436A-9511-BAE2F975F79C}
		{CBBF376B-4ED7-4F32-B346-855CD5C40D4E} = {CBBF376B-4ED7-4F32-B346-855CD5C40D4E}
		{E24A3593-CCB3-4092-B305-3204E4380030} = {E24A3593-CCB3-4092-B305-3204E4380030}
	EndProjectSection
EndProject
Project("{9A19103F-16F7-4668-BE54-9A1E7A4F7556}") = "XinjingdailyBot.Model", "XinjingdailyBot.Model\XinjingdailyBot.Model.csproj", "{65A4BD13-C84A-4AD7-9F5F-9F869FCAE034}"
	ProjectSection(ProjectDependencies) = postProject
		{CBBF376B-4ED7-4F32-B346-855CD5C40D4E} = {CBBF376B-4ED7-4F32-B346-855CD5C40D4E}
	EndProjectSection
EndProject
Project("{9A19103F-16F7-4668-BE54-9A1E7A4F7556}") = "XinjingdailyBot.Infrastructure", "XinjingdailyBot.Infrastructure\XinjingdailyBot.Infrastructure.csproj", "{CBBF376B-4ED7-4F32-B346-855CD5C40D4E}"
EndProject
Project("{9A19103F-16F7-4668-BE54-9A1E7A4F7556}") = "XinjingdailyBot.Repository", "XinjingdailyBot.Repository\XinjingdailyBot.Repository.csproj", "{E24A3593-CCB3-4092-B305-3204E4380030}"
	ProjectSection(ProjectDependencies) = postProject
		{65A4BD13-C84A-4AD7-9F5F-9F869FCAE034} = {65A4BD13-C84A-4AD7-9F5F-9F869FCAE034}
		{CBBF376B-4ED7-4F32-B346-855CD5C40D4E} = {CBBF376B-4ED7-4F32-B346-855CD5C40D4E}
	EndProjectSection
EndProject
Project("{9A19103F-16F7-4668-BE54-9A1E7A4F7556}") = "XinjingdailyBot.Interface", "XinjingdailyBot.Interface\XinjingdailyBot.Interface.csproj", "{A2F7CC83-7936-436A-9511-BAE2F975F79C}"
	ProjectSection(ProjectDependencies) = postProject
		{65A4BD13-C84A-4AD7-9F5F-9F869FCAE034} = {65A4BD13-C84A-4AD7-9F5F-9F869FCAE034}
		{CBBF376B-4ED7-4F32-B346-855CD5C40D4E} = {CBBF376B-4ED7-4F32-B346-855CD5C40D4E}
		{E24A3593-CCB3-4092-B305-3204E4380030} = {E24A3593-CCB3-4092-B305-3204E4380030}
	EndProjectSection
EndProject
Project("{9A19103F-16F7-4668-BE54-9A1E7A4F7556}") = "XinjingdailyBot.Service", "XinjingdailyBot.Service\XinjingdailyBot.Service.csproj", "{5C52EE96-9EE9-4AFA-8E3B-F4187C195B83}"
	ProjectSection(ProjectDependencies) = postProject
		{65A4BD13-C84A-4AD7-9F5F-9F869FCAE034} = {65A4BD13-C84A-4AD7-9F5F-9F869FCAE034}
		{A2F7CC83-7936-436A-9511-BAE2F975F79C} = {A2F7CC83-7936-436A-9511-BAE2F975F79C}
		{CBBF376B-4ED7-4F32-B346-855CD5C40D4E} = {CBBF376B-4ED7-4F32-B346-855CD5C40D4E}
		{E24A3593-CCB3-4092-B305-3204E4380030} = {E24A3593-CCB3-4092-B305-3204E4380030}
	EndProjectSection
EndProject
Project("{2150E333-8FDC-42A3-9474-1A3956D46DE8}") = "1. 基础设施", "1. 基础设施", "{828C8D7A-3419-455B-93DD-24BB458E5E43}"
EndProject
Project("{2150E333-8FDC-42A3-9474-1A3956D46DE8}") = "2. 实体", "2. 实体", "{8089C280-A2AC-419C-B7F7-DB4E2D5362C9}"
EndProject
Project("{2150E333-8FDC-42A3-9474-1A3956D46DE8}") = "3. 服务", "3. 服务", "{CB9524EF-39C6-4752-9620-46FCC300F6E4}"
EndProject
Project("{2150E333-8FDC-42A3-9474-1A3956D46DE8}") = "5. 启动", "5. 启动", "{484B48CF-FB80-4DE6-A066-F08FED8C3522}"
EndProject
Project("{2150E333-8FDC-42A3-9474-1A3956D46DE8}") = "0. 杂项文件", "0. 杂项文件", "{5B6F00C0-D19B-4D46-AA8A-D81845FE868B}"
	ProjectSection(SolutionItems) = preProject
		.editorconfig = .editorconfig
		README.md = README.md
	EndProjectSection
EndProject
Project("{9A19103F-16F7-4668-BE54-9A1E7A4F7556}") = "XinjingdailyBot.Command", "XinjingdailyBot.Command\XinjingdailyBot.Command.csproj", "{617EC3CE-8307-41BC-A4A5-D437CCA261AB}"
EndProject
Global
	GlobalSection(SolutionConfigurationPlatforms) = preSolution
		Debug|Any CPU = Debug|Any CPU
		Release|Any CPU = Release|Any CPU
	EndGlobalSection
	GlobalSection(ProjectConfigurationPlatforms) = postSolution
		{8A18A5B3-C97B-474B-A8E8-2C6CBD21BE49}.Debug|Any CPU.ActiveCfg = Debug|Any CPU
		{8A18A5B3-C97B-474B-A8E8-2C6CBD21BE49}.Debug|Any CPU.Build.0 = Debug|Any CPU
		{8A18A5B3-C97B-474B-A8E8-2C6CBD21BE49}.Release|Any CPU.ActiveCfg = Release|Any CPU
		{8A18A5B3-C97B-474B-A8E8-2C6CBD21BE49}.Release|Any CPU.Build.0 = Release|Any CPU
		{65A4BD13-C84A-4AD7-9F5F-9F869FCAE034}.Debug|Any CPU.ActiveCfg = Debug|Any CPU
		{65A4BD13-C84A-4AD7-9F5F-9F869FCAE034}.Debug|Any CPU.Build.0 = Debug|Any CPU
		{65A4BD13-C84A-4AD7-9F5F-9F869FCAE034}.Release|Any CPU.ActiveCfg = Release|Any CPU
		{65A4BD13-C84A-4AD7-9F5F-9F869FCAE034}.Release|Any CPU.Build.0 = Release|Any CPU
		{CBBF376B-4ED7-4F32-B346-855CD5C40D4E}.Debug|Any CPU.ActiveCfg = Debug|Any CPU
		{CBBF376B-4ED7-4F32-B346-855CD5C40D4E}.Debug|Any CPU.Build.0 = Debug|Any CPU
		{CBBF376B-4ED7-4F32-B346-855CD5C40D4E}.Release|Any CPU.ActiveCfg = Release|Any CPU
		{CBBF376B-4ED7-4F32-B346-855CD5C40D4E}.Release|Any CPU.Build.0 = Release|Any CPU
		{E24A3593-CCB3-4092-B305-3204E4380030}.Debug|Any CPU.ActiveCfg = Debug|Any CPU
		{E24A3593-CCB3-4092-B305-3204E4380030}.Debug|Any CPU.Build.0 = Debug|Any CPU
		{E24A3593-CCB3-4092-B305-3204E4380030}.Release|Any CPU.ActiveCfg = Release|Any CPU
		{E24A3593-CCB3-4092-B305-3204E4380030}.Release|Any CPU.Build.0 = Release|Any CPU
		{A2F7CC83-7936-436A-9511-BAE2F975F79C}.Debug|Any CPU.ActiveCfg = Debug|Any CPU
		{A2F7CC83-7936-436A-9511-BAE2F975F79C}.Debug|Any CPU.Build.0 = Debug|Any CPU
		{A2F7CC83-7936-436A-9511-BAE2F975F79C}.Release|Any CPU.ActiveCfg = Release|Any CPU
		{A2F7CC83-7936-436A-9511-BAE2F975F79C}.Release|Any CPU.Build.0 = Release|Any CPU
		{5C52EE96-9EE9-4AFA-8E3B-F4187C195B83}.Debug|Any CPU.ActiveCfg = Debug|Any CPU
		{5C52EE96-9EE9-4AFA-8E3B-F4187C195B83}.Debug|Any CPU.Build.0 = Debug|Any CPU
		{5C52EE96-9EE9-4AFA-8E3B-F4187C195B83}.Release|Any CPU.ActiveCfg = Release|Any CPU
		{5C52EE96-9EE9-4AFA-8E3B-F4187C195B83}.Release|Any CPU.Build.0 = Release|Any CPU
		{617EC3CE-8307-41BC-A4A5-D437CCA261AB}.Debug|Any CPU.ActiveCfg = Debug|Any CPU
		{617EC3CE-8307-41BC-A4A5-D437CCA261AB}.Debug|Any CPU.Build.0 = Debug|Any CPU
		{617EC3CE-8307-41BC-A4A5-D437CCA261AB}.Release|Any CPU.ActiveCfg = Release|Any CPU
		{617EC3CE-8307-41BC-A4A5-D437CCA261AB}.Release|Any CPU.Build.0 = Release|Any CPU
	EndGlobalSection
	GlobalSection(SolutionProperties) = preSolution
		HideSolutionNode = FALSE
	EndGlobalSection
	GlobalSection(NestedProjects) = preSolution
		{8A18A5B3-C97B-474B-A8E8-2C6CBD21BE49} = {484B48CF-FB80-4DE6-A066-F08FED8C3522}
		{65A4BD13-C84A-4AD7-9F5F-9F869FCAE034} = {8089C280-A2AC-419C-B7F7-DB4E2D5362C9}
		{CBBF376B-4ED7-4F32-B346-855CD5C40D4E} = {828C8D7A-3419-455B-93DD-24BB458E5E43}
		{E24A3593-CCB3-4092-B305-3204E4380030} = {8089C280-A2AC-419C-B7F7-DB4E2D5362C9}
		{A2F7CC83-7936-436A-9511-BAE2F975F79C} = {CB9524EF-39C6-4752-9620-46FCC300F6E4}
		{5C52EE96-9EE9-4AFA-8E3B-F4187C195B83} = {CB9524EF-39C6-4752-9620-46FCC300F6E4}
		{617EC3CE-8307-41BC-A4A5-D437CCA261AB} = {CB9524EF-39C6-4752-9620-46FCC300F6E4}
	EndGlobalSection
	GlobalSection(ExtensibilityGlobals) = postSolution
		SolutionGuid = {E88F67A6-85E8-4E55-A7BB-925F8B9CE69F}
	EndGlobalSection
EndGlobal
