<Solution>
  <Folder Name="/0. 杂项文件/">
    <File Path=".editorconfig" />
    <File Path="Directory.Build.props" />
    <File Path="Directory.Packages.props" />
    <File Path="README.md" />
  </Folder>
  <Folder Name="/1. 基础设施/">
    <Project Path="XinjingdailyBot.Generator/XinjingdailyBot.Generator.csproj" />
    <Project Path="XinjingdailyBot.Infrastructure/XinjingdailyBot.Infrastructure.csproj" />
  </Folder>
  <Folder Name="/2. 实体/">
    <Project Path="XinjingdailyBot.Data/XinjingdailyBot.Data.csproj" />
    <Project Path="XinjingdailyBot.Entry/XinjingdailyBot.Entry.csproj" />
    <Project Path="XinjingdailyBot.Model/XinjingdailyBot.Model.csproj">
      <BuildDependency Project="XinjingdailyBot.Infrastructure/XinjingdailyBot.Infrastructure.csproj" />
    </Project>
    <Project Path="XinjingdailyBot.ObsoleteEntry/XinjingdailyBot.ObsoleteEntry.csproj" Id="e942140a-404f-4406-b00d-483f9c07917b" />
    <Project Path="XinjingdailyBot.Repository/XinjingdailyBot.Repository.csproj">
      <BuildDependency Project="XinjingdailyBot.Infrastructure/XinjingdailyBot.Infrastructure.csproj" />
      <BuildDependency Project="XinjingdailyBot.Model/XinjingdailyBot.Model.csproj" />
    </Project>
  </Folder>
  <Folder Name="/3. 服务/">
    <Project Path="XinjingdailyBot.Command/XinjingdailyBot.Command.csproj" />
    <Project Path="XinjingdailyBot.Interface/XinjingdailyBot.Interface.csproj">
      <BuildDependency Project="XinjingdailyBot.Infrastructure/XinjingdailyBot.Infrastructure.csproj" />
      <BuildDependency Project="XinjingdailyBot.Model/XinjingdailyBot.Model.csproj" />
      <BuildDependency Project="XinjingdailyBot.Repository/XinjingdailyBot.Repository.csproj" />
    </Project>
    <Project Path="XinjingdailyBot.Service/XinjingdailyBot.Service.csproj">
      <BuildDependency Project="XinjingdailyBot.Infrastructure/XinjingdailyBot.Infrastructure.csproj" />
      <BuildDependency Project="XinjingdailyBot.Interface/XinjingdailyBot.Interface.csproj" />
      <BuildDependency Project="XinjingdailyBot.Model/XinjingdailyBot.Model.csproj" />
      <BuildDependency Project="XinjingdailyBot.Repository/XinjingdailyBot.Repository.csproj" />
    </Project>
    <Project Path="XinjingdailyBot.Tasks/XinjingdailyBot.Tasks.csproj" />
  </Folder>
  <Folder Name="/4. 控制器/">
    <Project Path="XinjingdailyBot.Controllers/XinjingdailyBot.Controllers.csproj" />
    <Project Path="XinjingdailyBot.SignalR/XinjingdailyBot.SignalR.csproj" />
  </Folder>
  <Folder Name="/5. 启动/">
    <Project Path="XinjingdailyBot.App/XinjingdailyBot.App.csproj" />
    <Project Path="XinjingdailyBot.Setup/XinjingdailyBot.Setup.csproj" />
    <Project Path="XinjingdailyBot.UserServer/XinjingdailyBot.UserServer.csproj" />
  </Folder>
</Solution>
